
Microsoft Visual Studio Solution File, Format Version 12.00
# Visual Studio 15
VisualStudioVersion = 15.0.27130.0
MinimumVisualStudioVersion = 10.0.40219.1
Project("{FAE04EC0-301F-11D3-BF4B-00C04F79EFBC}") = "DemoCefBrowser", "DemoCefBrowser\DemoCefBrowser.csproj", "{54D3530F-63E8-4648-8AD8-981FB5DD8469}"
EndProject
Project("{FAE04EC0-301F-11D3-BF4B-00C04F79EFBC}") = "CefBrowser", "..\CefBrowser\CefBrowser\CefBrowser.csproj", "{37542697-492A-4C3E-B12E-B4AEAE4D1040}"
EndProject
Project("{FAE04EC0-301F-11D3-BF4B-00C04F79EFBC}") = "CefBrowserControl", "..\CefBrowser\BrowserActions\CefBrowserControl.csproj", "{68D05500-B890-4FB4-B856-64B91A9A2B4D}"
EndProject
Project("{FAE04EC0-301F-11D3-BF4B-00C04F79EFBC}") = "ExceptionHandling", "..\ExceptionHandling\Handling\ExceptionHandling.csproj", "{F4DB5312-74FD-4293-B404-0DC063258825}"
EndProject
Project("{FAE04EC0-301F-11D3-BF4B-00C04F79EFBC}") = "EncodingEx", "..\EncodingEx\EncodingEx\EncodingEx.csproj", "{7E877CE7-2DA5-458E-94B2-408CCD541D76}"
EndProject
Project("{FAE04EC0-301F-11D3-BF4B-00C04F79EFBC}") = "HashingEx", "..\HashingEx\HashingEx\HashingEx.csproj", "{E469A741-A8E2-4F8C-8AF6-A10FDA8D3A5B}"
EndProject
Project("{FAE04EC0-301F-11D3-BF4B-00C04F79EFBC}") = "IoHelper", "..\IoHelper\IoHelper\IoHelper.csproj", "{DB99ECA8-BC52-45C6-BABE-1160B5D33896}"
EndProject
Project("{FAE04EC0-301F-11D3-BF4B-00C04F79EFBC}") = "RPC-Communication", "..\rpc-communication-net2\RPC-Communication\RPC-Communication.csproj", "{C07DC298-12CE-40C0-8D5D-63B6FDA175A6}"
EndProject
Project("{FAE04EC0-301F-11D3-BF4B-00C04F79EFBC}") = "SerializationDotNet2", "..\SerializationDotNet2\SerializiationDotNet2\SerializationDotNet2.csproj", "{339F6DA4-CF0B-4BF0-A5E0-268B34B3D17F}"
EndProject
Global
	GlobalSection(SolutionConfigurationPlatforms) = preSolution
		Debug|Any CPU = Debug|Any CPU
		Debug|x64 = Debug|x64
		Debug|x86 = Debug|x86
		Release|Any CPU = Release|Any CPU
		Release|x64 = Release|x64
		Release|x86 = Release|x86
	EndGlobalSection
	GlobalSection(ProjectConfigurationPlatforms) = postSolution
		{54D3530F-63E8-4648-8AD8-981FB5DD8469}.Debug|Any CPU.ActiveCfg = Debug|Any CPU
		{54D3530F-63E8-4648-8AD8-981FB5DD8469}.Debug|Any CPU.Build.0 = Debug|Any CPU
		{54D3530F-63E8-4648-8AD8-981FB5DD8469}.Debug|x64.ActiveCfg = Debug|Any CPU
		{54D3530F-63E8-4648-8AD8-981FB5DD8469}.Debug|x64.Build.0 = Debug|Any CPU
		{54D3530F-63E8-4648-8AD8-981FB5DD8469}.Debug|x86.ActiveCfg = Debug|Any CPU
		{54D3530F-63E8-4648-8AD8-981FB5DD8469}.Debug|x86.Build.0 = Debug|Any CPU
		{54D3530F-63E8-4648-8AD8-981FB5DD8469}.Release|Any CPU.ActiveCfg = Release|Any CPU
		{54D3530F-63E8-4648-8AD8-981FB5DD8469}.Release|Any CPU.Build.0 = Release|Any CPU
		{54D3530F-63E8-4648-8AD8-981FB5DD8469}.Release|x64.ActiveCfg = Release|Any CPU
		{54D3530F-63E8-4648-8AD8-981FB5DD8469}.Release|x64.Build.0 = Release|Any CPU
		{54D3530F-63E8-4648-8AD8-981FB5DD8469}.Release|x86.ActiveCfg = Release|Any CPU
		{54D3530F-63E8-4648-8AD8-981FB5DD8469}.Release|x86.Build.0 = Release|Any CPU
		{37542697-492A-4C3E-B12E-B4AEAE4D1040}.Debug|Any CPU.ActiveCfg = Debug|x86
		{37542697-492A-4C3E-B12E-B4AEAE4D1040}.Debug|Any CPU.Build.0 = Debug|x86
		{37542697-492A-4C3E-B12E-B4AEAE4D1040}.Debug|x64.ActiveCfg = Debug|x64
		{37542697-492A-4C3E-B12E-B4AEAE4D1040}.Debug|x64.Build.0 = Debug|x64
		{37542697-492A-4C3E-B12E-B4AEAE4D1040}.Debug|x86.ActiveCfg = Debug|x86
		{37542697-492A-4C3E-B12E-B4AEAE4D1040}.Debug|x86.Build.0 = Debug|x86
		{37542697-492A-4C3E-B12E-B4AEAE4D1040}.Release|Any CPU.ActiveCfg = Release|Any CPU
		{37542697-492A-4C3E-B12E-B4AEAE4D1040}.Release|Any CPU.Build.0 = Release|Any CPU
		{37542697-492A-4C3E-B12E-B4AEAE4D1040}.Release|x64.ActiveCfg = Release|x64
		{37542697-492A-4C3E-B12E-B4AEAE4D1040}.Release|x64.Build.0 = Release|x64
		{37542697-492A-4C3E-B12E-B4AEAE4D1040}.Release|x86.ActiveCfg = Release|x86
		{37542697-492A-4C3E-B12E-B4AEAE4D1040}.Release|x86.Build.0 = Release|x86
		{68D05500-B890-4FB4-B856-64B91A9A2B4D}.Debug|Any CPU.ActiveCfg = Debug|x86
		{68D05500-B890-4FB4-B856-64B91A9A2B4D}.Debug|Any CPU.Build.0 = Debug|x86
		{68D05500-B890-4FB4-B856-64B91A9A2B4D}.Debug|x64.ActiveCfg = Debug|Any CPU
		{68D05500-B890-4FB4-B856-64B91A9A2B4D}.Debug|x64.Build.0 = Debug|Any CPU
		{68D05500-B890-4FB4-B856-64B91A9A2B4D}.Debug|x86.ActiveCfg = Debug|x86
		{68D05500-B890-4FB4-B856-64B91A9A2B4D}.Debug|x86.Build.0 = Debug|x86
		{68D05500-B890-4FB4-B856-64B91A9A2B4D}.Release|Any CPU.ActiveCfg = Release|Any CPU
		{68D05500-B890-4FB4-B856-64B91A9A2B4D}.Release|Any CPU.Build.0 = Release|Any CPU
		{68D05500-B890-4FB4-B856-64B91A9A2B4D}.Release|x64.ActiveCfg = Release|Any CPU
		{68D05500-B890-4FB4-B856-64B91A9A2B4D}.Release|x64.Build.0 = Release|Any CPU
		{68D05500-B890-4FB4-B856-64B91A9A2B4D}.Release|x86.ActiveCfg = Release|x86
		{68D05500-B890-4FB4-B856-64B91A9A2B4D}.Release|x86.Build.0 = Release|x86
		{F4DB5312-74FD-4293-B404-0DC063258825}.Debug|Any CPU.ActiveCfg = Debug|Any CPU
		{F4DB5312-74FD-4293-B404-0DC063258825}.Debug|Any CPU.Build.0 = Debug|Any CPU
		{F4DB5312-74FD-4293-B404-0DC063258825}.Debug|x64.ActiveCfg = Debug|Any CPU
		{F4DB5312-74FD-4293-B404-0DC063258825}.Debug|x64.Build.0 = Debug|Any CPU
		{F4DB5312-74FD-4293-B404-0DC063258825}.Debug|x86.ActiveCfg = Debug|x86
		{F4DB5312-74FD-4293-B404-0DC063258825}.Debug|x86.Build.0 = Debug|x86
		{F4DB5312-74FD-4293-B404-0DC063258825}.Release|Any CPU.ActiveCfg = Release|Any CPU
		{F4DB5312-74FD-4293-B404-0DC063258825}.Release|Any CPU.Build.0 = Release|Any CPU
		{F4DB5312-74FD-4293-B404-0DC063258825}.Release|x64.ActiveCfg = Release|Any CPU
		{F4DB5312-74FD-4293-B404-0DC063258825}.Release|x64.Build.0 = Release|Any CPU
		{F4DB5312-74FD-4293-B404-0DC063258825}.Release|x86.ActiveCfg = Release|x86
		{F4DB5312-74FD-4293-B404-0DC063258825}.Release|x86.Build.0 = Release|x86
		{7E877CE7-2DA5-458E-94B2-408CCD541D76}.Debug|Any CPU.ActiveCfg = Debug|Any CPU
		{7E877CE7-2DA5-458E-94B2-408CCD541D76}.Debug|Any CPU.Build.0 = Debug|Any CPU
		{7E877CE7-2DA5-458E-94B2-408CCD541D76}.Debug|x64.ActiveCfg = Debug|x64
		{7E877CE7-2DA5-458E-94B2-408CCD541D76}.Debug|x64.Build.0 = Debug|x64
		{7E877CE7-2DA5-458E-94B2-408CCD541D76}.Debug|x86.ActiveCfg = Debug|x86
		{7E877CE7-2DA5-458E-94B2-408CCD541D76}.Debug|x86.Build.0 = Debug|x86
		{7E877CE7-2DA5-458E-94B2-408CCD541D76}.Release|Any CPU.ActiveCfg = Release|Any CPU
		{7E877CE7-2DA5-458E-94B2-408CCD541D76}.Release|Any CPU.Build.0 = Release|Any CPU
		{7E877CE7-2DA5-458E-94B2-408CCD541D76}.Release|x64.ActiveCfg = Release|x64
		{7E877CE7-2DA5-458E-94B2-408CCD541D76}.Release|x64.Build.0 = Release|x64
		{7E877CE7-2DA5-458E-94B2-408CCD541D76}.Release|x86.ActiveCfg = Release|x86
		{7E877CE7-2DA5-458E-94B2-408CCD541D76}.Release|x86.Build.0 = Release|x86
		{E469A741-A8E2-4F8C-8AF6-A10FDA8D3A5B}.Debug|Any CPU.ActiveCfg = Debug|Any CPU
		{E469A741-A8E2-4F8C-8AF6-A10FDA8D3A5B}.Debug|Any CPU.Build.0 = Debug|Any CPU
		{E469A741-A8E2-4F8C-8AF6-A10FDA8D3A5B}.Debug|x64.ActiveCfg = Debug|Any CPU
		{E469A741-A8E2-4F8C-8AF6-A10FDA8D3A5B}.Debug|x64.Build.0 = Debug|Any CPU
		{E469A741-A8E2-4F8C-8AF6-A10FDA8D3A5B}.Debug|x86.ActiveCfg = Debug|x86
		{E469A741-A8E2-4F8C-8AF6-A10FDA8D3A5B}.Debug|x86.Build.0 = Debug|x86
		{E469A741-A8E2-4F8C-8AF6-A10FDA8D3A5B}.Release|Any CPU.ActiveCfg = Release|Any CPU
		{E469A741-A8E2-4F8C-8AF6-A10FDA8D3A5B}.Release|Any CPU.Build.0 = Release|Any CPU
		{E469A741-A8E2-4F8C-8AF6-A10FDA8D3A5B}.Release|x64.ActiveCfg = Release|Any CPU
		{E469A741-A8E2-4F8C-8AF6-A10FDA8D3A5B}.Release|x64.Build.0 = Release|Any CPU
		{E469A741-A8E2-4F8C-8AF6-A10FDA8D3A5B}.Release|x86.ActiveCfg = Release|x86
		{E469A741-A8E2-4F8C-8AF6-A10FDA8D3A5B}.Release|x86.Build.0 = Release|x86
		{DB99ECA8-BC52-45C6-BABE-1160B5D33896}.Debug|Any CPU.ActiveCfg = Debug|Any CPU
		{DB99ECA8-BC52-45C6-BABE-1160B5D33896}.Debug|Any CPU.Build.0 = Debug|Any CPU
		{DB99ECA8-BC52-45C6-BABE-1160B5D33896}.Debug|x64.ActiveCfg = Debug|Any CPU
		{DB99ECA8-BC52-45C6-BABE-1160B5D33896}.Debug|x64.Build.0 = Debug|Any CPU
		{DB99ECA8-BC52-45C6-BABE-1160B5D33896}.Debug|x86.ActiveCfg = Debug|x86
		{DB99ECA8-BC52-45C6-BABE-1160B5D33896}.Debug|x86.Build.0 = Debug|x86
		{DB99ECA8-BC52-45C6-BABE-1160B5D33896}.Release|Any CPU.ActiveCfg = Release|Any CPU
		{DB99ECA8-BC52-45C6-BABE-1160B5D33896}.Release|Any CPU.Build.0 = Release|Any CPU
		{DB99ECA8-BC52-45C6-BABE-1160B5D33896}.Release|x64.ActiveCfg = Release|Any CPU
		{DB99ECA8-BC52-45C6-BABE-1160B5D33896}.Release|x64.Build.0 = Release|Any CPU
		{DB99ECA8-BC52-45C6-BABE-1160B5D33896}.Release|x86.ActiveCfg = Release|x86
		{DB99ECA8-BC52-45C6-BABE-1160B5D33896}.Release|x86.Build.0 = Release|x86
		{C07DC298-12CE-40C0-8D5D-63B6FDA175A6}.Debug|Any CPU.ActiveCfg = Debug|Any CPU
		{C07DC298-12CE-40C0-8D5D-63B6FDA175A6}.Debug|Any CPU.Build.0 = Debug|Any CPU
		{C07DC298-12CE-40C0-8D5D-63B6FDA175A6}.Debug|x64.ActiveCfg = Debug|Any CPU
		{C07DC298-12CE-40C0-8D5D-63B6FDA175A6}.Debug|x64.Build.0 = Debug|Any CPU
		{C07DC298-12CE-40C0-8D5D-63B6FDA175A6}.Debug|x86.ActiveCfg = Debug|x86
		{C07DC298-12CE-40C0-8D5D-63B6FDA175A6}.Debug|x86.Build.0 = Debug|x86
		{C07DC298-12CE-40C0-8D5D-63B6FDA175A6}.Release|Any CPU.ActiveCfg = Release|Any CPU
		{C07DC298-12CE-40C0-8D5D-63B6FDA175A6}.Release|Any CPU.Build.0 = Release|Any CPU
		{C07DC298-12CE-40C0-8D5D-63B6FDA175A6}.Release|x64.ActiveCfg = Release|Any CPU
		{C07DC298-12CE-40C0-8D5D-63B6FDA175A6}.Release|x64.Build.0 = Release|Any CPU
		{C07DC298-12CE-40C0-8D5D-63B6FDA175A6}.Release|x86.ActiveCfg = Release|x86
		{C07DC298-12CE-40C0-8D5D-63B6FDA175A6}.Release|x86.Build.0 = Release|x86
		{339F6DA4-CF0B-4BF0-A5E0-268B34B3D17F}.Debug|Any CPU.ActiveCfg = Debug|Any CPU
		{339F6DA4-CF0B-4BF0-A5E0-268B34B3D17F}.Debug|Any CPU.Build.0 = Debug|Any CPU
		{339F6DA4-CF0B-4BF0-A5E0-268B34B3D17F}.Debug|x64.ActiveCfg = Debug|Any CPU
		{339F6DA4-CF0B-4BF0-A5E0-268B34B3D17F}.Debug|x64.Build.0 = Debug|Any CPU
		{339F6DA4-CF0B-4BF0-A5E0-268B34B3D17F}.Debug|x86.ActiveCfg = Debug|x86
		{339F6DA4-CF0B-4BF0-A5E0-268B34B3D17F}.Debug|x86.Build.0 = Debug|x86
		{339F6DA4-CF0B-4BF0-A5E0-268B34B3D17F}.Release|Any CPU.ActiveCfg = Release|Any CPU
		{339F6DA4-CF0B-4BF0-A5E0-268B34B3D17F}.Release|Any CPU.Build.0 = Release|Any CPU
		{339F6DA4-CF0B-4BF0-A5E0-268B34B3D17F}.Release|x64.ActiveCfg = Release|Any CPU
		{339F6DA4-CF0B-4BF0-A5E0-268B34B3D17F}.Release|x64.Build.0 = Release|Any CPU
		{339F6DA4-CF0B-4BF0-A5E0-268B34B3D17F}.Release|x86.ActiveCfg = Release|x86
		{339F6DA4-CF0B-4BF0-A5E0-268B34B3D17F}.Release|x86.Build.0 = Release|x86
	EndGlobalSection
	GlobalSection(SolutionProperties) = preSolution
		HideSolutionNode = FALSE
	EndGlobalSection
	GlobalSection(ExtensibilityGlobals) = postSolution
		SolutionGuid = {E4E496DD-D869-4D35-B0EA-B6D0FAB9400E}
	EndGlobalSection
EndGlobal
